dependencies:
- name: postgresql
  repository: https://charts.helm.sh/stable
  version: 8.6.4
- name: common
  repository: https://mojaloop.github.io/charts/repo
  version: 2.1.0
digest: sha256:b581ee75996a86d9e756274a484d28b1fd79c79a3ae7e32e628f79759082fded
generated: "2023-12-14T14:27:59.789589567Z"
