dependencies:
- name: kafka
  repository: https://charts.bitnami.com/bitnami
  version: 26.5.0
- name: mysql
  repository: https://charts.bitnami.com/bitnami
  version: 9.15.0
- name: mongodb
  repository: https://charts.bitnami.com/bitnami
  version: 14.4.2
- name: mongodb
  repository: https://charts.bitnami.com/bitnami
  version: 14.4.2
- name: mongodb
  repository: https://charts.bitnami.com/bitnami
  version: 14.4.2
- name: redis
  repository: https://charts.bitnami.com/bitnami
  version: 18.5.0
- name: redis
  repository: https://charts.bitnami.com/bitnami
  version: 18.5.0
digest: sha256:2da02fa3e3d54c008d5470d9fef508371eca1212c847e8a1e1dc43cb2f110e6c
generated: "2023-12-14T11:42:09.56400692Z"
